
Microsoft Visual Studio Solution File, Format Version 12.00
# Visual Studio Version 16
VisualStudioVersion = 16.0.31321.278
MinimumVisualStudioVersion = 10.0.40219.1
Project("{FAE04EC0-301F-11D3-BF4B-00C04F79EFBC}") = "MangaLibrarySystem", "MangaLibrarySystem.csproj", "{B072EAE4-5061-4A85-BA5E-1BEB06FED247}"
EndProject
Global
	GlobalSection(SolutionConfigurationPlatforms) = preSolution
		Debug|Any CPU = Debug|Any CPU
		Release|Any CPU = Release|Any CPU
	EndGlobalSection
	GlobalSection(ProjectConfigurationPlatforms) = postSolution
		{B072EAE4-5061-4A85-BA5E-1BEB06FED247}.Debug|Any CPU.ActiveCfg = Debug|Any CPU
		{B072EAE4-5061-4A85-BA5E-1BEB06FED247}.Debug|Any CPU.Build.0 = Debug|Any CPU
		{B072EAE4-5061-4A85-BA5E-1BEB06FED247}.Release|Any CPU.ActiveCfg = Release|Any CPU
		{B072EAE4-5061-4A85-BA5E-1BEB06FED247}.Release|Any CPU.Build.0 = Release|Any CPU
	EndGlobalSection
	GlobalSection(SolutionProperties) = preSolution
		HideSolutionNode = FALSE
	EndGlobalSection
	GlobalSection(ExtensibilityGlobals) = postSolution
		SolutionGuid = {96677480-C716-4D5E-B24B-E0826FAE10C0}
	EndGlobalSection
EndGlobal
